
Microsoft Visual Studio Solution File, Format Version 12.00
# Visual Studio Version 16
VisualStudioVersion = 16.0.28803.202
MinimumVisualStudioVersion = 15.0.26124.0
Project("{9A19103F-16F7-4668-BE54-9A1E7A4F7556}") = "PetStore", "PetStore\PetStore.csproj", "{6A1BF199-A3A1-4982-AA99-8B43F182C603}"
EndProject
Project("{9A19103F-16F7-4668-BE54-9A1E7A4F7556}") = "PetStore.Core", "PetStore.Core\PetStore.Core.csproj", "{5F096096-3F72-416D-9917-4A6F45EE3D04}"
EndProject
Project("{9A19103F-16F7-4668-BE54-9A1E7A4F7556}") = "PetStore.DataAccess", "PetStore.DataAccess\PetStore.DataAccess.csproj", "{0BCCD0FD-8D25-4637-B349-7850F7B1BB82}"
EndProject
Global
	GlobalSection(SolutionConfigurationPlatforms) = preSolution
		Debug|Any CPU = Debug|Any CPU
		Debug|x64 = Debug|x64
		Debug|x86 = Debug|x86
		Release|Any CPU = Release|Any CPU
		Release|x64 = Release|x64
		Release|x86 = Release|x86
	EndGlobalSection
	GlobalSection(ProjectConfigurationPlatforms) = postSolution
		{6A1BF199-A3A1-4982-AA99-8B43F182C603}.Debug|Any CPU.ActiveCfg = Debug|Any CPU
		{6A1BF199-A3A1-4982-AA99-8B43F182C603}.Debug|Any CPU.Build.0 = Debug|Any CPU
		{6A1BF199-A3A1-4982-AA99-8B43F182C603}.Debug|x64.ActiveCfg = Debug|Any CPU
		{6A1BF199-A3A1-4982-AA99-8B43F182C603}.Debug|x64.Build.0 = Debug|Any CPU
		{6A1BF199-A3A1-4982-AA99-8B43F182C603}.Debug|x86.ActiveCfg = Debug|Any CPU
		{6A1BF199-A3A1-4982-AA99-8B43F182C603}.Debug|x86.Build.0 = Debug|Any CPU
		{6A1BF199-A3A1-4982-AA99-8B43F182C603}.Release|Any CPU.ActiveCfg = Release|Any CPU
		{6A1BF199-A3A1-4982-AA99-8B43F182C603}.Release|Any CPU.Build.0 = Release|Any CPU
		{6A1BF199-A3A1-4982-AA99-8B43F182C603}.Release|x64.ActiveCfg = Release|Any CPU
		{6A1BF199-A3A1-4982-AA99-8B43F182C603}.Release|x64.Build.0 = Release|Any CPU
		{6A1BF199-A3A1-4982-AA99-8B43F182C603}.Release|x86.ActiveCfg = Release|Any CPU
		{6A1BF199-A3A1-4982-AA99-8B43F182C603}.Release|x86.Build.0 = Release|Any CPU
		{5F096096-3F72-416D-9917-4A6F45EE3D04}.Debug|Any CPU.ActiveCfg = Debug|Any CPU
		{5F096096-3F72-416D-9917-4A6F45EE3D04}.Debug|Any CPU.Build.0 = Debug|Any CPU
		{5F096096-3F72-416D-9917-4A6F45EE3D04}.Debug|x64.ActiveCfg = Debug|Any CPU
		{5F096096-3F72-416D-9917-4A6F45EE3D04}.Debug|x64.Build.0 = Debug|Any CPU
		{5F096096-3F72-416D-9917-4A6F45EE3D04}.Debug|x86.ActiveCfg = Debug|Any CPU
		{5F096096-3F72-416D-9917-4A6F45EE3D04}.Debug|x86.Build.0 = Debug|Any CPU
		{5F096096-3F72-416D-9917-4A6F45EE3D04}.Release|Any CPU.ActiveCfg = Release|Any CPU
		{5F096096-3F72-416D-9917-4A6F45EE3D04}.Release|Any CPU.Build.0 = Release|Any CPU
		{5F096096-3F72-416D-9917-4A6F45EE3D04}.Release|x64.ActiveCfg = Release|Any CPU
		{5F096096-3F72-416D-9917-4A6F45EE3D04}.Release|x64.Build.0 = Release|Any CPU
		{5F096096-3F72-416D-9917-4A6F45EE3D04}.Release|x86.ActiveCfg = Release|Any CPU
		{5F096096-3F72-416D-9917-4A6F45EE3D04}.Release|x86.Build.0 = Release|Any CPU
		{0BCCD0FD-8D25-4637-B349-7850F7B1BB82}.Debug|Any CPU.ActiveCfg = Debug|Any CPU
		{0BCCD0FD-8D25-4637-B349-7850F7B1BB82}.Debug|Any CPU.Build.0 = Debug|Any CPU
		{0BCCD0FD-8D25-4637-B349-7850F7B1BB82}.Debug|x64.ActiveCfg = Debug|Any CPU
		{0BCCD0FD-8D25-4637-B349-7850F7B1BB82}.Debug|x64.Build.0 = Debug|Any CPU
		{0BCCD0FD-8D25-4637-B349-7850F7B1BB82}.Debug|x86.ActiveCfg = Debug|Any CPU
		{0BCCD0FD-8D25-4637-B349-7850F7B1BB82}.Debug|x86.Build.0 = Debug|Any CPU
		{0BCCD0FD-8D25-4637-B349-7850F7B1BB82}.Release|Any CPU.ActiveCfg = Release|Any CPU
		{0BCCD0FD-8D25-4637-B349-7850F7B1BB82}.Release|Any CPU.Build.0 = Release|Any CPU
		{0BCCD0FD-8D25-4637-B349-7850F7B1BB82}.Release|x64.ActiveCfg = Release|Any CPU
		{0BCCD0FD-8D25-4637-B349-7850F7B1BB82}.Release|x64.Build.0 = Release|Any CPU
		{0BCCD0FD-8D25-4637-B349-7850F7B1BB82}.Release|x86.ActiveCfg = Release|Any CPU
		{0BCCD0FD-8D25-4637-B349-7850F7B1BB82}.Release|x86.Build.0 = Release|Any CPU
	EndGlobalSection
	GlobalSection(SolutionProperties) = preSolution
		HideSolutionNode = FALSE
	EndGlobalSection
	GlobalSection(ExtensibilityGlobals) = postSolution
		SolutionGuid = {776FF584-C37D-42B4-A378-465A04DE1458}
	EndGlobalSection
EndGlobal
