
Microsoft Visual Studio Solution File, Format Version 12.00
# Visual Studio Version 16
VisualStudioVersion = 16.0.28803.202
MinimumVisualStudioVersion = 15.0.26124.0
Project("{9A19103F-16F7-4668-BE54-9A1E7A4F7556}") = "PetStore.Core", "PetStore.Core\PetStore.Core.csproj", "{5F096096-3F72-416D-9917-4A6F45EE3D04}"
EndProject
Project("{9A19103F-16F7-4668-BE54-9A1E7A4F7556}") = "PetStore.DataAccess", "PetStore.DataAccess\PetStore.DataAccess.csproj", "{0BCCD0FD-8D25-4637-B349-7850F7B1BB82}"
EndProject
Project("{9A19103F-16F7-4668-BE54-9A1E7A4F7556}") = "PetStore.CodeFirst", "PetStore.CodeFirst\PetStore.CodeFirst.csproj", "{CA701508-0F79-4E30-80E6-D52DA1B21EDC}"
EndProject
Project("{9A19103F-16F7-4668-BE54-9A1E7A4F7556}") = "PetStore.SchemaFirst", "PetStore.SchemaFirst\PetStore.SchemaFirst.csproj", "{297D2EAC-C56D-462E-949B-25B65DA877C8}"
EndProject
Project("{9A19103F-16F7-4668-BE54-9A1E7A4F7556}") = "PetStore.Console", "PetStore.Console\PetStore.Console.csproj", "{36A96C4A-7EA4-4C73-9401-5DDB4DC97D5D}"
	ProjectSection(ProjectDependencies) = postProject
		{297D2EAC-C56D-462E-949B-25B65DA877C8} = {297D2EAC-C56D-462E-949B-25B65DA877C8}
	EndProjectSection
EndProject
Project("{2150E333-8FDC-42A3-9474-1A3956D46DE8}") = "0. Shared", "0. Shared", "{93E0A190-18BA-41B9-BF95-A887714EF76B}"
EndProject
Project("{2150E333-8FDC-42A3-9474-1A3956D46DE8}") = "1. Code First", "1. Code First", "{26FB475F-BC89-47C1-9F63-B5C8ADA25998}"
EndProject
Project("{2150E333-8FDC-42A3-9474-1A3956D46DE8}") = "2. Schema First", "2. Schema First", "{9A54119B-8A48-4B8C-9865-BE02FA0D33CD}"
EndProject
Project("{9A19103F-16F7-4668-BE54-9A1E7A4F7556}") = "PetStore.ClientApp", "PetStore.ClientApp\PetStore.ClientApp.csproj", "{108879A8-2B7F-49AF-A00D-B3EA42FC7B28}"
EndProject
Global
	GlobalSection(SolutionConfigurationPlatforms) = preSolution
		Debug|Any CPU = Debug|Any CPU
		Debug|x64 = Debug|x64
		Debug|x86 = Debug|x86
		Release|Any CPU = Release|Any CPU
		Release|x64 = Release|x64
		Release|x86 = Release|x86
	EndGlobalSection
	GlobalSection(ProjectConfigurationPlatforms) = postSolution
		{5F096096-3F72-416D-9917-4A6F45EE3D04}.Debug|Any CPU.ActiveCfg = Debug|Any CPU
		{5F096096-3F72-416D-9917-4A6F45EE3D04}.Debug|Any CPU.Build.0 = Debug|Any CPU
		{5F096096-3F72-416D-9917-4A6F45EE3D04}.Debug|x64.ActiveCfg = Debug|Any CPU
		{5F096096-3F72-416D-9917-4A6F45EE3D04}.Debug|x64.Build.0 = Debug|Any CPU
		{5F096096-3F72-416D-9917-4A6F45EE3D04}.Debug|x86.ActiveCfg = Debug|Any CPU
		{5F096096-3F72-416D-9917-4A6F45EE3D04}.Debug|x86.Build.0 = Debug|Any CPU
		{5F096096-3F72-416D-9917-4A6F45EE3D04}.Release|Any CPU.ActiveCfg = Release|Any CPU
		{5F096096-3F72-416D-9917-4A6F45EE3D04}.Release|Any CPU.Build.0 = Release|Any CPU
		{5F096096-3F72-416D-9917-4A6F45EE3D04}.Release|x64.ActiveCfg = Release|Any CPU
		{5F096096-3F72-416D-9917-4A6F45EE3D04}.Release|x64.Build.0 = Release|Any CPU
		{5F096096-3F72-416D-9917-4A6F45EE3D04}.Release|x86.ActiveCfg = Release|Any CPU
		{5F096096-3F72-416D-9917-4A6F45EE3D04}.Release|x86.Build.0 = Release|Any CPU
		{0BCCD0FD-8D25-4637-B349-7850F7B1BB82}.Debug|Any CPU.ActiveCfg = Debug|Any CPU
		{0BCCD0FD-8D25-4637-B349-7850F7B1BB82}.Debug|Any CPU.Build.0 = Debug|Any CPU
		{0BCCD0FD-8D25-4637-B349-7850F7B1BB82}.Debug|x64.ActiveCfg = Debug|Any CPU
		{0BCCD0FD-8D25-4637-B349-7850F7B1BB82}.Debug|x64.Build.0 = Debug|Any CPU
		{0BCCD0FD-8D25-4637-B349-7850F7B1BB82}.Debug|x86.ActiveCfg = Debug|Any CPU
		{0BCCD0FD-8D25-4637-B349-7850F7B1BB82}.Debug|x86.Build.0 = Debug|Any CPU
		{0BCCD0FD-8D25-4637-B349-7850F7B1BB82}.Release|Any CPU.ActiveCfg = Release|Any CPU
		{0BCCD0FD-8D25-4637-B349-7850F7B1BB82}.Release|Any CPU.Build.0 = Release|Any CPU
		{0BCCD0FD-8D25-4637-B349-7850F7B1BB82}.Release|x64.ActiveCfg = Release|Any CPU
		{0BCCD0FD-8D25-4637-B349-7850F7B1BB82}.Release|x64.Build.0 = Release|Any CPU
		{0BCCD0FD-8D25-4637-B349-7850F7B1BB82}.Release|x86.ActiveCfg = Release|Any CPU
		{0BCCD0FD-8D25-4637-B349-7850F7B1BB82}.Release|x86.Build.0 = Release|Any CPU
		{CA701508-0F79-4E30-80E6-D52DA1B21EDC}.Debug|Any CPU.ActiveCfg = Debug|Any CPU
		{CA701508-0F79-4E30-80E6-D52DA1B21EDC}.Debug|Any CPU.Build.0 = Debug|Any CPU
		{CA701508-0F79-4E30-80E6-D52DA1B21EDC}.Debug|x64.ActiveCfg = Debug|Any CPU
		{CA701508-0F79-4E30-80E6-D52DA1B21EDC}.Debug|x64.Build.0 = Debug|Any CPU
		{CA701508-0F79-4E30-80E6-D52DA1B21EDC}.Debug|x86.ActiveCfg = Debug|Any CPU
		{CA701508-0F79-4E30-80E6-D52DA1B21EDC}.Debug|x86.Build.0 = Debug|Any CPU
		{CA701508-0F79-4E30-80E6-D52DA1B21EDC}.Release|Any CPU.ActiveCfg = Release|Any CPU
		{CA701508-0F79-4E30-80E6-D52DA1B21EDC}.Release|Any CPU.Build.0 = Release|Any CPU
		{CA701508-0F79-4E30-80E6-D52DA1B21EDC}.Release|x64.ActiveCfg = Release|Any CPU
		{CA701508-0F79-4E30-80E6-D52DA1B21EDC}.Release|x64.Build.0 = Release|Any CPU
		{CA701508-0F79-4E30-80E6-D52DA1B21EDC}.Release|x86.ActiveCfg = Release|Any CPU
		{CA701508-0F79-4E30-80E6-D52DA1B21EDC}.Release|x86.Build.0 = Release|Any CPU
		{297D2EAC-C56D-462E-949B-25B65DA877C8}.Debug|Any CPU.ActiveCfg = Debug|Any CPU
		{297D2EAC-C56D-462E-949B-25B65DA877C8}.Debug|Any CPU.Build.0 = Debug|Any CPU
		{297D2EAC-C56D-462E-949B-25B65DA877C8}.Debug|x64.ActiveCfg = Debug|Any CPU
		{297D2EAC-C56D-462E-949B-25B65DA877C8}.Debug|x64.Build.0 = Debug|Any CPU
		{297D2EAC-C56D-462E-949B-25B65DA877C8}.Debug|x86.ActiveCfg = Debug|Any CPU
		{297D2EAC-C56D-462E-949B-25B65DA877C8}.Debug|x86.Build.0 = Debug|Any CPU
		{297D2EAC-C56D-462E-949B-25B65DA877C8}.Release|Any CPU.ActiveCfg = Release|Any CPU
		{297D2EAC-C56D-462E-949B-25B65DA877C8}.Release|Any CPU.Build.0 = Release|Any CPU
		{297D2EAC-C56D-462E-949B-25B65DA877C8}.Release|x64.ActiveCfg = Release|Any CPU
		{297D2EAC-C56D-462E-949B-25B65DA877C8}.Release|x64.Build.0 = Release|Any CPU
		{297D2EAC-C56D-462E-949B-25B65DA877C8}.Release|x86.ActiveCfg = Release|Any CPU
		{297D2EAC-C56D-462E-949B-25B65DA877C8}.Release|x86.Build.0 = Release|Any CPU
		{36A96C4A-7EA4-4C73-9401-5DDB4DC97D5D}.Debug|Any CPU.ActiveCfg = Debug|Any CPU
		{36A96C4A-7EA4-4C73-9401-5DDB4DC97D5D}.Debug|Any CPU.Build.0 = Debug|Any CPU
		{36A96C4A-7EA4-4C73-9401-5DDB4DC97D5D}.Debug|x64.ActiveCfg = Debug|Any CPU
		{36A96C4A-7EA4-4C73-9401-5DDB4DC97D5D}.Debug|x64.Build.0 = Debug|Any CPU
		{36A96C4A-7EA4-4C73-9401-5DDB4DC97D5D}.Debug|x86.ActiveCfg = Debug|Any CPU
		{36A96C4A-7EA4-4C73-9401-5DDB4DC97D5D}.Debug|x86.Build.0 = Debug|Any CPU
		{36A96C4A-7EA4-4C73-9401-5DDB4DC97D5D}.Release|Any CPU.ActiveCfg = Release|Any CPU
		{36A96C4A-7EA4-4C73-9401-5DDB4DC97D5D}.Release|Any CPU.Build.0 = Release|Any CPU
		{36A96C4A-7EA4-4C73-9401-5DDB4DC97D5D}.Release|x64.ActiveCfg = Release|Any CPU
		{36A96C4A-7EA4-4C73-9401-5DDB4DC97D5D}.Release|x64.Build.0 = Release|Any CPU
		{36A96C4A-7EA4-4C73-9401-5DDB4DC97D5D}.Release|x86.ActiveCfg = Release|Any CPU
		{36A96C4A-7EA4-4C73-9401-5DDB4DC97D5D}.Release|x86.Build.0 = Release|Any CPU
		{108879A8-2B7F-49AF-A00D-B3EA42FC7B28}.Debug|Any CPU.ActiveCfg = Debug|Any CPU
		{108879A8-2B7F-49AF-A00D-B3EA42FC7B28}.Debug|Any CPU.Build.0 = Debug|Any CPU
		{108879A8-2B7F-49AF-A00D-B3EA42FC7B28}.Debug|x64.ActiveCfg = Debug|Any CPU
		{108879A8-2B7F-49AF-A00D-B3EA42FC7B28}.Debug|x64.Build.0 = Debug|Any CPU
		{108879A8-2B7F-49AF-A00D-B3EA42FC7B28}.Debug|x86.ActiveCfg = Debug|Any CPU
		{108879A8-2B7F-49AF-A00D-B3EA42FC7B28}.Debug|x86.Build.0 = Debug|Any CPU
		{108879A8-2B7F-49AF-A00D-B3EA42FC7B28}.Release|Any CPU.ActiveCfg = Release|Any CPU
		{108879A8-2B7F-49AF-A00D-B3EA42FC7B28}.Release|Any CPU.Build.0 = Release|Any CPU
		{108879A8-2B7F-49AF-A00D-B3EA42FC7B28}.Release|x64.ActiveCfg = Release|Any CPU
		{108879A8-2B7F-49AF-A00D-B3EA42FC7B28}.Release|x64.Build.0 = Release|Any CPU
		{108879A8-2B7F-49AF-A00D-B3EA42FC7B28}.Release|x86.ActiveCfg = Release|Any CPU
		{108879A8-2B7F-49AF-A00D-B3EA42FC7B28}.Release|x86.Build.0 = Release|Any CPU
	EndGlobalSection
	GlobalSection(SolutionProperties) = preSolution
		HideSolutionNode = FALSE
	EndGlobalSection
	GlobalSection(NestedProjects) = preSolution
		{5F096096-3F72-416D-9917-4A6F45EE3D04} = {93E0A190-18BA-41B9-BF95-A887714EF76B}
		{0BCCD0FD-8D25-4637-B349-7850F7B1BB82} = {93E0A190-18BA-41B9-BF95-A887714EF76B}
		{CA701508-0F79-4E30-80E6-D52DA1B21EDC} = {26FB475F-BC89-47C1-9F63-B5C8ADA25998}
		{297D2EAC-C56D-462E-949B-25B65DA877C8} = {9A54119B-8A48-4B8C-9865-BE02FA0D33CD}
		{36A96C4A-7EA4-4C73-9401-5DDB4DC97D5D} = {9A54119B-8A48-4B8C-9865-BE02FA0D33CD}
		{108879A8-2B7F-49AF-A00D-B3EA42FC7B28} = {26FB475F-BC89-47C1-9F63-B5C8ADA25998}
	EndGlobalSection
	GlobalSection(ExtensibilityGlobals) = postSolution
		SolutionGuid = {776FF584-C37D-42B4-A378-465A04DE1458}
	EndGlobalSection
EndGlobal
